
Microsoft Visual Studio Solution File, Format Version 12.00
# Visual Studio Version 17
VisualStudioVersion = 17.0.31903.59
MinimumVisualStudioVersion = 10.0.40219.1
Project("{FAE04EC0-301F-11D3-BF4B-00C04F79EFBC}") = "API", "API\API.csproj", "{488B4141-56EE-4793-A55B-D232D935650B}"
EndProject
Project("{FAE04EC0-301F-11D3-BF4B-00C04F79EFBC}") = "Application", "Application\Application.csproj", "{B450C385-5FB5-4E34-B9F7-F145D0542E36}"
EndProject
Project("{FAE04EC0-301F-11D3-BF4B-00C04F79EFBC}") = "Persistence", "Persistence\Persistence.csproj", "{A4294ABE-2287-4BE3-8B80-05D49317C9EE}"
EndProject
Project("{FAE04EC0-301F-11D3-BF4B-00C04F79EFBC}") = "Domain", "Domain\Domain.csproj", "{31F38DB4-DB01-4C4B-AFE5-8DA500B86E14}"
EndProject
Project("{FAE04EC0-301F-11D3-BF4B-00C04F79EFBC}") = "Infrastructure", "Infrastructure\Infrastructure.csproj", "{5FAC8527-7EDF-4BC3-8098-454404AB3BCD}"
EndProject
Global
	GlobalSection(SolutionConfigurationPlatforms) = preSolution
		Debug|Any CPU = Debug|Any CPU
		Release|Any CPU = Release|Any CPU
	EndGlobalSection
	GlobalSection(SolutionProperties) = preSolution
		HideSolutionNode = FALSE
	EndGlobalSection
	GlobalSection(ProjectConfigurationPlatforms) = postSolution
		{488B4141-56EE-4793-A55B-D232D935650B}.Debug|Any CPU.ActiveCfg = Debug|Any CPU
		{488B4141-56EE-4793-A55B-D232D935650B}.Debug|Any CPU.Build.0 = Debug|Any CPU
		{488B4141-56EE-4793-A55B-D232D935650B}.Release|Any CPU.ActiveCfg = Release|Any CPU
		{488B4141-56EE-4793-A55B-D232D935650B}.Release|Any CPU.Build.0 = Release|Any CPU
		{B450C385-5FB5-4E34-B9F7-F145D0542E36}.Debug|Any CPU.ActiveCfg = Debug|Any CPU
		{B450C385-5FB5-4E34-B9F7-F145D0542E36}.Debug|Any CPU.Build.0 = Debug|Any CPU
		{B450C385-5FB5-4E34-B9F7-F145D0542E36}.Release|Any CPU.ActiveCfg = Release|Any CPU
		{B450C385-5FB5-4E34-B9F7-F145D0542E36}.Release|Any CPU.Build.0 = Release|Any CPU
		{A4294ABE-2287-4BE3-8B80-05D49317C9EE}.Debug|Any CPU.ActiveCfg = Debug|Any CPU
		{A4294ABE-2287-4BE3-8B80-05D49317C9EE}.Debug|Any CPU.Build.0 = Debug|Any CPU
		{A4294ABE-2287-4BE3-8B80-05D49317C9EE}.Release|Any CPU.ActiveCfg = Release|Any CPU
		{A4294ABE-2287-4BE3-8B80-05D49317C9EE}.Release|Any CPU.Build.0 = Release|Any CPU
		{31F38DB4-DB01-4C4B-AFE5-8DA500B86E14}.Debug|Any CPU.ActiveCfg = Debug|Any CPU
		{31F38DB4-DB01-4C4B-AFE5-8DA500B86E14}.Debug|Any CPU.Build.0 = Debug|Any CPU
		{31F38DB4-DB01-4C4B-AFE5-8DA500B86E14}.Release|Any CPU.ActiveCfg = Release|Any CPU
		{31F38DB4-DB01-4C4B-AFE5-8DA500B86E14}.Release|Any CPU.Build.0 = Release|Any CPU
		{0CC36231-1F1C-4054-BC93-6762F8BEC646}.Debug|Any CPU.ActiveCfg = Debug|Any CPU
		{0CC36231-1F1C-4054-BC93-6762F8BEC646}.Debug|Any CPU.Build.0 = Debug|Any CPU
		{0CC36231-1F1C-4054-BC93-6762F8BEC646}.Release|Any CPU.ActiveCfg = Release|Any CPU
		{0CC36231-1F1C-4054-BC93-6762F8BEC646}.Release|Any CPU.Build.0 = Release|Any CPU
		{5FAC8527-7EDF-4BC3-8098-454404AB3BCD}.Debug|Any CPU.ActiveCfg = Debug|Any CPU
		{5FAC8527-7EDF-4BC3-8098-454404AB3BCD}.Debug|Any CPU.Build.0 = Debug|Any CPU
		{5FAC8527-7EDF-4BC3-8098-454404AB3BCD}.Release|Any CPU.ActiveCfg = Release|Any CPU
		{5FAC8527-7EDF-4BC3-8098-454404AB3BCD}.Release|Any CPU.Build.0 = Release|Any CPU
	EndGlobalSection
EndGlobal
